
Microsoft Visual Studio Solution File, Format Version 12.00
# Visual Studio Version 17
VisualStudioVersion = 17.14.36221.1 d17.14
MinimumVisualStudioVersion = 10.0.40219.1
Project("{FAE04EC0-301F-11D3-BF4B-00C04F79EFBC}") = "lessonOne", "lessonOne\lessonOne.csproj", "{5B5F5170-8E01-453F-ABAC-77491714982A}"
EndProject
Global
	GlobalSection(SolutionConfigurationPlatforms) = preSolution
		Debug|Any CPU = Debug|Any CPU
		Release|Any CPU = Release|Any CPU
	EndGlobalSection
	GlobalSection(ProjectConfigurationPlatforms) = postSolution
		{5B5F5170-8E01-453F-ABAC-77491714982A}.Debug|Any CPU.ActiveCfg = Debug|Any CPU
		{5B5F5170-8E01-453F-ABAC-77491714982A}.Debug|Any CPU.Build.0 = Debug|Any CPU
		{5B5F5170-8E01-453F-ABAC-77491714982A}.Release|Any CPU.ActiveCfg = Release|Any CPU
		{5B5F5170-8E01-453F-ABAC-77491714982A}.Release|Any CPU.Build.0 = Release|Any CPU
	EndGlobalSection
	GlobalSection(SolutionProperties) = preSolution
		HideSolutionNode = FALSE
	EndGlobalSection
	GlobalSection(ExtensibilityGlobals) = postSolution
		SolutionGuid = {9F3D6951-7F09-46DC-85BC-DCD695B4E190}
	EndGlobalSection
EndGlobal
